// !$*UTF8*$!
{
	archiveVersion = 1;
	classes = {
	};
	objectVersion = 46;
	objects = {

/* Begin PBXBuildFile section */
		BA014C261AF05FE9001CAAE3 /* relaxation-drums.mp3 in Resources */ = {isa = PBXBuildFile; fileRef = BA014C1A1AF05FE9001CAAE3 /* relaxation-drums.mp3 */; };
		BA014C271AF05FE9001CAAE3 /* relaxation-beach.mp3 in Resources */ = {isa = PBXBuildFile; fileRef = BA014C1B1AF05FE9001CAAE3 /* relaxation-beach.mp3 */; };
		BA014C281AF05FE9001CAAE3 /* relaxation-blue-sun.mp3 in Resources */ = {isa = PBXBuildFile; fileRef = BA014C1C1AF05FE9001CAAE3 /* relaxation-blue-sun.mp3 */; };
		BA014C291AF05FE9001CAAE3 /* relaxation-bouncing-mark.mp3 in Resources */ = {isa = PBXBuildFile; fileRef = BA014C1D1AF05FE9001CAAE3 /* relaxation-bouncing-mark.mp3 */; };
		BA014C2A1AF05FE9001CAAE3 /* relaxation-carrier.mp3 in Resources */ = {isa = PBXBuildFile; fileRef = BA014C1E1AF05FE9001CAAE3 /* relaxation-carrier.mp3 */; };
		BA014C2B1AF05FE9001CAAE3 /* relaxation-cypress.mp3 in Resources */ = {isa = PBXBuildFile; fileRef = BA014C1F1AF05FE9001CAAE3 /* relaxation-cypress.mp3 */; };
		BA014C2C1AF05FE9001CAAE3 /* relaxation-dance-organ.mp3 in Resources */ = {isa = PBXBuildFile; fileRef = BA014C201AF05FE9001CAAE3 /* relaxation-dance-organ.mp3 */; };
		BA014C2D1AF05FE9001CAAE3 /* relaxation-distant-planet.mp3 in Resources */ = {isa = PBXBuildFile; fileRef = BA014C211AF05FE9001CAAE3 /* relaxation-distant-planet.mp3 */; };
		BA014C2E1AF05FE9001CAAE3 /* relaxation-dominant.mp3 in Resources */ = {isa = PBXBuildFile; fileRef = BA014C221AF05FE9001CAAE3 /* relaxation-dominant.mp3 */; };
		BA014C2F1AF05FE9001CAAE3 /* relaxation-dub-pulse.mp3 in Resources */ = {isa = PBXBuildFile; fileRef = BA014C231AF05FE9001CAAE3 /* relaxation-dub-pulse.mp3 */; };
		BA014C301AF05FE9001CAAE3 /* relaxation-eighties-ep.mp3 in Resources */ = {isa = PBXBuildFile; fileRef = BA014C241AF05FE9001CAAE3 /* relaxation-eighties-ep.mp3 */; };
		BA014C311AF05FE9001CAAE3 /* relaxation-empee-ep.mp3 in Resources */ = {isa = PBXBuildFile; fileRef = BA014C251AF05FE9001CAAE3 /* relaxation-empee-ep.mp3 */; };
		BA2BD3041AF965EC008A4169 /* Sounds in Resources */ = {isa = PBXBuildFile; fileRef = BA2BD3031AF965EC008A4169 /* Sounds */; };
		BA2BD3061AF9664A008A4169 /* piano.aupreset in Resources */ = {isa = PBXBuildFile; fileRef = BA2BD3051AF9664A008A4169 /* piano.aupreset */; };
		BA2BD3091AF98CA0008A4169 /* Conductor.m in Sources */ = {isa = PBXBuildFile; fileRef = BA2BD3081AF98CA0008A4169 /* Conductor.m */; };
		BA2BD30C1AF99D2D008A4169 /* LoopData.m in Sources */ = {isa = PBXBuildFile; fileRef = BA2BD30B1AF99D2D008A4169 /* LoopData.m */; };
		BA3C00871AE7140B00911004 /* main.m in Sources */ = {isa = PBXBuildFile; fileRef = BA3C00861AE7140B00911004 /* main.m */; };
		BA3C008A1AE7140B00911004 /* AppDelegate.m in Sources */ = {isa = PBXBuildFile; fileRef = BA3C00891AE7140B00911004 /* AppDelegate.m */; };
		BA3C008D1AE7140B00911004 /* ViewController.m in Sources */ = {isa = PBXBuildFile; fileRef = BA3C008C1AE7140B00911004 /* ViewController.m */; };
		BA3C00901AE7140B00911004 /* Main.storyboard in Resources */ = {isa = PBXBuildFile; fileRef = BA3C008E1AE7140B00911004 /* Main.storyboard */; };
		BA3C00921AE7140B00911004 /* Images.xcassets in Resources */ = {isa = PBXBuildFile; fileRef = BA3C00911AE7140B00911004 /* Images.xcassets */; };
		BA3C00951AE7140B00911004 /* LaunchScreen.xib in Resources */ = {isa = PBXBuildFile; fileRef = BA3C00931AE7140B00911004 /* LaunchScreen.xib */; };
		BA4AA3AC1B02BA1F007E3D7B /* SongTrainScene.m in Sources */ = {isa = PBXBuildFile; fileRef = BA4AA3A81B02BA1F007E3D7B /* SongTrainScene.m */; };
		BA4AA3AD1B02BA1F007E3D7B /* SongSwipeScene.m in Sources */ = {isa = PBXBuildFile; fileRef = BA4AA3AA1B02BA1F007E3D7B /* SongSwipeScene.m */; };
		BA7DEC8C1B2571EC00C4A238 /* MinigameInteractor.m in Sources */ = {isa = PBXBuildFile; fileRef = BA7DEC8B1B2571EC00C4A238 /* MinigameInteractor.m */; };
		BA7DEC901B2575ED00C4A238 /* UIColor+CrossFade.m in Sources */ = {isa = PBXBuildFile; fileRef = BA7DEC8F1B2575ED00C4A238 /* UIColor+CrossFade.m */; };
		BAA47FE81B237B3C0072241E /* OrbGameScene.m in Sources */ = {isa = PBXBuildFile; fileRef = BAA47FE71B237B3C0072241E /* OrbGameScene.m */; };
		BAA47FED1B2506190072241E /* GraphicsController.m in Sources */ = {isa = PBXBuildFile; fileRef = BAA47FEC1B2506190072241E /* GraphicsController.m */; };
		BAB96FAC1AF81613001906D0 /* MainMenuScene.m in Sources */ = {isa = PBXBuildFile; fileRef = BAB96FAB1AF81613001906D0 /* MainMenuScene.m */; };
		BAB9D83E1B0A9392009D4F50 /* UIDoubleTapGestureRecognizer.m in Sources */ = {isa = PBXBuildFile; fileRef = BAB9D83D1B0A9392009D4F50 /* UIDoubleTapGestureRecognizer.m */; };
		BABCBEE51B237ABD003FE0E5 /* SoundscapeScene.m in Sources */ = {isa = PBXBuildFile; fileRef = BABCBEE41B237ABD003FE0E5 /* SoundscapeScene.m */; };
		BAF06F281AEED4A000FBB4C3 /* SpriteKit.framework in Frameworks */ = {isa = PBXBuildFile; fileRef = BAF06F271AEED4A000FBB4C3 /* SpriteKit.framework */; };
		BAF06F371AEED6F400FBB4C3 /* SoundInteractor.m in Sources */ = {isa = PBXBuildFile; fileRef = BAF06F361AEED6F400FBB4C3 /* SoundInteractor.m */; };
		BAF06F541AEEE16200FBB4C3 /* relaxation.plist in Resources */ = {isa = PBXBuildFile; fileRef = BAF06F461AEEE16200FBB4C3 /* relaxation.plist */; };
		BAF58992314D5901ED41946D /* libPods.a in Frameworks */ = {isa = PBXBuildFile; fileRef = 9BB9D2BD43485FF5B2111854 /* libPods.a */; };
		E63007F91B26A93300178716 /* jam-basic-jazz.mp3 in Resources */ = {isa = PBXBuildFile; fileRef = E63007EF1B26A93300178716 /* jam-basic-jazz.mp3 */; };
		E63007FA1B26A93300178716 /* jam-crescendo.mp3 in Resources */ = {isa = PBXBuildFile; fileRef = E63007F01B26A93300178716 /* jam-crescendo.mp3 */; };
		E63007FB1B26A93300178716 /* jam-drums.mp3 in Resources */ = {isa = PBXBuildFile; fileRef = E63007F11B26A93300178716 /* jam-drums.mp3 */; };
		E63007FC1B26A93300178716 /* jam-echo-string.mp3 in Resources */ = {isa = PBXBuildFile; fileRef = E63007F21B26A93300178716 /* jam-echo-string.mp3 */; };
		E63007FD1B26A93300178716 /* jam-frog.mp3 in Resources */ = {isa = PBXBuildFile; fileRef = E63007F31B26A93300178716 /* jam-frog.mp3 */; };
		E63007FE1B26A93300178716 /* jam-jazz-guitar.mp3 in Resources */ = {isa = PBXBuildFile; fileRef = E63007F41B26A93300178716 /* jam-jazz-guitar.mp3 */; };
		E63007FF1B26A93300178716 /* jam-legato-strings.mp3 in Resources */ = {isa = PBXBuildFile; fileRef = E63007F51B26A93300178716 /* jam-legato-strings.mp3 */; };
		E63008001B26A93300178716 /* jam-pizzicato.mp3 in Resources */ = {isa = PBXBuildFile; fileRef = E63007F61B26A93300178716 /* jam-pizzicato.mp3 */; };
		E63008011B26A93300178716 /* jam-ubluesy.mp3 in Resources */ = {isa = PBXBuildFile; fileRef = E63007F71B26A93300178716 /* jam-ubluesy.mp3 */; };
		E63008021B26A93300178716 /* jam-voxi.mp3 in Resources */ = {isa = PBXBuildFile; fileRef = E63007F81B26A93300178716 /* jam-voxi.mp3 */; };
		E63008041B26A96900178716 /* jam.plist in Resources */ = {isa = PBXBuildFile; fileRef = E63008031B26A96900178716 /* jam.plist */; };
		E63008061B26B52400178716 /* train_hop.caf in Resources */ = {isa = PBXBuildFile; fileRef = E63008051B26B4F800178716 /* train_hop.caf */; };
		E63008131B27453500178716 /* stompy-pop-addict.mp3 in Resources */ = {isa = PBXBuildFile; fileRef = E63008081B27453500178716 /* stompy-pop-addict.mp3 */; };
		E63008141B27453500178716 /* stompy-pop-african-plucks.mp3 in Resources */ = {isa = PBXBuildFile; fileRef = E63008091B27453500178716 /* stompy-pop-african-plucks.mp3 */; };
		E63008151B27453500178716 /* stompy-pop-attacker.mp3 in Resources */ = {isa = PBXBuildFile; fileRef = E630080A1B27453500178716 /* stompy-pop-attacker.mp3 */; };
		E63008161B27453500178716 /* stompy-pop-call-in-air.mp3 in Resources */ = {isa = PBXBuildFile; fileRef = E630080B1B27453500178716 /* stompy-pop-call-in-air.mp3 */; };
		E63008171B27453500178716 /* stompy-pop-claps.mp3 in Resources */ = {isa = PBXBuildFile; fileRef = E630080C1B27453500178716 /* stompy-pop-claps.mp3 */; };
		E63008181B27453500178716 /* stompy-pop-gust-crack.mp3 in Resources */ = {isa = PBXBuildFile; fileRef = E630080D1B27453500178716 /* stompy-pop-gust-crack.mp3 */; };
		E63008191B27453500178716 /* stompy-pop-kick.mp3 in Resources */ = {isa = PBXBuildFile; fileRef = E630080E1B27453500178716 /* stompy-pop-kick.mp3 */; };
		E630081A1B27453500178716 /* stompy-pop-piano-body.mp3 in Resources */ = {isa = PBXBuildFile; fileRef = E630080F1B27453500178716 /* stompy-pop-piano-body.mp3 */; };
		E630081B1B27453500178716 /* stompy-pop-premium.mp3 in Resources */ = {isa = PBXBuildFile; fileRef = E63008101B27453500178716 /* stompy-pop-premium.mp3 */; };
		E630081C1B27453500178716 /* stompy-pop-shaker.mp3 in Resources */ = {isa = PBXBuildFile; fileRef = E63008111B27453500178716 /* stompy-pop-shaker.mp3 */; };
		E630081D1B27453500178716 /* stompy-pop-trumpet-mute.mp3 in Resources */ = {isa = PBXBuildFile; fileRef = E63008121B27453500178716 /* stompy-pop-trumpet-mute.mp3 */; };
		E630081F1B27455A00178716 /* stompy-pop.plist in Resources */ = {isa = PBXBuildFile; fileRef = E630081E1B27455A00178716 /* stompy-pop.plist */; };
		E630082C1B2772F400178716 /* dark-air-jammer.mp3 in Resources */ = {isa = PBXBuildFile; fileRef = E63008211B2772F400178716 /* dark-air-jammer.mp3 */; };
		E630082D1B2772F400178716 /* dark-cello.mp3 in Resources */ = {isa = PBXBuildFile; fileRef = E63008221B2772F400178716 /* dark-cello.mp3 */; };
		E630082E1B2772F400178716 /* dark-dank-5ths.mp3 in Resources */ = {isa = PBXBuildFile; fileRef = E63008231B2772F400178716 /* dark-dank-5ths.mp3 */; };
		E630082F1B2772F400178716 /* dark-drumfx.mp3 in Resources */ = {isa = PBXBuildFile; fileRef = E63008241B2772F400178716 /* dark-drumfx.mp3 */; };
		E63008301B2772F400178716 /* dark-drums.mp3 in Resources */ = {isa = PBXBuildFile; fileRef = E63008251B2772F400178716 /* dark-drums.mp3 */; };
		E63008311B2772F400178716 /* dark-german-wood.mp3 in Resources */ = {isa = PBXBuildFile; fileRef = E63008261B2772F400178716 /* dark-german-wood.mp3 */; };
		E63008321B2772F400178716 /* dark-legato.mp3 in Resources */ = {isa = PBXBuildFile; fileRef = E63008271B2772F400178716 /* dark-legato.mp3 */; };
		E63008331B2772F400178716 /* dark-pearl.mp3 in Resources */ = {isa = PBXBuildFile; fileRef = E63008281B2772F400178716 /* dark-pearl.mp3 */; };
		E63008341B2772F400178716 /* dark-peppermint.mp3 in Resources */ = {isa = PBXBuildFile; fileRef = E63008291B2772F400178716 /* dark-peppermint.mp3 */; };
		E63008351B2772F400178716 /* dark-steel-drums.mp3 in Resources */ = {isa = PBXBuildFile; fileRef = E630082A1B2772F400178716 /* dark-steel-drums.mp3 */; };
		E63008361B2772F400178716 /* dark-sub.mp3 in Resources */ = {isa = PBXBuildFile; fileRef = E630082B1B2772F400178716 /* dark-sub.mp3 */; };
		E63008381B27731200178716 /* dark.plist in Resources */ = {isa = PBXBuildFile; fileRef = E63008371B27731200178716 /* dark.plist */; };
		E662A84E1B23AE8100AEFF7E /* SongTapScene.m in Sources */ = {isa = PBXBuildFile; fileRef = E662A84D1B23AE8100AEFF7E /* SongTapScene.m */; };
/* End PBXBuildFile section */

/* Begin PBXContainerItemProxy section */
		BA3C009B1AE7140B00911004 /* PBXContainerItemProxy */ = {
			isa = PBXContainerItemProxy;
			containerPortal = BA3C00791AE7140B00911004 /* Project object */;
			proxyType = 1;
			remoteGlobalIDString = BA3C00801AE7140B00911004;
			remoteInfo = Pulse2;
		};
/* End PBXContainerItemProxy section */

/* Begin PBXFileReference section */
		1FF3F4C22441D40B497FF69C /* Pods.release.xcconfig */ = {isa = PBXFileReference; includeInIndex = 1; lastKnownFileType = text.xcconfig; name = Pods.release.xcconfig; path = "Pods/Target Support Files/Pods/Pods.release.xcconfig"; sourceTree = "<group>"; };
		9BB9D2BD43485FF5B2111854 /* libPods.a */ = {isa = PBXFileReference; explicitFileType = archive.ar; includeInIndex = 0; path = libPods.a; sourceTree = BUILT_PRODUCTS_DIR; };
		BA014C1A1AF05FE9001CAAE3 /* relaxation-drums.mp3 */ = {isa = PBXFileReference; lastKnownFileType = audio.mp3; path = "relaxation-drums.mp3"; sourceTree = "<group>"; };
		BA014C1B1AF05FE9001CAAE3 /* relaxation-beach.mp3 */ = {isa = PBXFileReference; lastKnownFileType = audio.mp3; path = "relaxation-beach.mp3"; sourceTree = "<group>"; };
		BA014C1C1AF05FE9001CAAE3 /* relaxation-blue-sun.mp3 */ = {isa = PBXFileReference; lastKnownFileType = audio.mp3; path = "relaxation-blue-sun.mp3"; sourceTree = "<group>"; };
		BA014C1D1AF05FE9001CAAE3 /* relaxation-bouncing-mark.mp3 */ = {isa = PBXFileReference; lastKnownFileType = audio.mp3; path = "relaxation-bouncing-mark.mp3"; sourceTree = "<group>"; };
		BA014C1E1AF05FE9001CAAE3 /* relaxation-carrier.mp3 */ = {isa = PBXFileReference; lastKnownFileType = audio.mp3; path = "relaxation-carrier.mp3"; sourceTree = "<group>"; };
		BA014C1F1AF05FE9001CAAE3 /* relaxation-cypress.mp3 */ = {isa = PBXFileReference; lastKnownFileType = audio.mp3; path = "relaxation-cypress.mp3"; sourceTree = "<group>"; };
		BA014C201AF05FE9001CAAE3 /* relaxation-dance-organ.mp3 */ = {isa = PBXFileReference; lastKnownFileType = audio.mp3; path = "relaxation-dance-organ.mp3"; sourceTree = "<group>"; };
		BA014C211AF05FE9001CAAE3 /* relaxation-distant-planet.mp3 */ = {isa = PBXFileReference; lastKnownFileType = audio.mp3; path = "relaxation-distant-planet.mp3"; sourceTree = "<group>"; };
		BA014C221AF05FE9001CAAE3 /* relaxation-dominant.mp3 */ = {isa = PBXFileReference; lastKnownFileType = audio.mp3; path = "relaxation-dominant.mp3"; sourceTree = "<group>"; };
		BA014C231AF05FE9001CAAE3 /* relaxation-dub-pulse.mp3 */ = {isa = PBXFileReference; lastKnownFileType = audio.mp3; path = "relaxation-dub-pulse.mp3"; sourceTree = "<group>"; };
		BA014C241AF05FE9001CAAE3 /* relaxation-eighties-ep.mp3 */ = {isa = PBXFileReference; lastKnownFileType = audio.mp3; path = "relaxation-eighties-ep.mp3"; sourceTree = "<group>"; };
		BA014C251AF05FE9001CAAE3 /* relaxation-empee-ep.mp3 */ = {isa = PBXFileReference; lastKnownFileType = audio.mp3; path = "relaxation-empee-ep.mp3"; sourceTree = "<group>"; };
		BA2BD3031AF965EC008A4169 /* Sounds */ = {isa = PBXFileReference; lastKnownFileType = folder; path = Sounds; sourceTree = "<group>"; };
		BA2BD3051AF9664A008A4169 /* piano.aupreset */ = {isa = PBXFileReference; fileEncoding = 4; lastKnownFileType = text.xml; path = piano.aupreset; sourceTree = "<group>"; };
		BA2BD3071AF98CA0008A4169 /* Conductor.h */ = {isa = PBXFileReference; fileEncoding = 4; lastKnownFileType = sourcecode.c.h; path = Conductor.h; sourceTree = "<group>"; };
		BA2BD3081AF98CA0008A4169 /* Conductor.m */ = {isa = PBXFileReference; fileEncoding = 4; lastKnownFileType = sourcecode.c.objc; path = Conductor.m; sourceTree = "<group>"; };
		BA2BD30A1AF99D2D008A4169 /* LoopData.h */ = {isa = PBXFileReference; fileEncoding = 4; lastKnownFileType = sourcecode.c.h; path = LoopData.h; sourceTree = "<group>"; };
		BA2BD30B1AF99D2D008A4169 /* LoopData.m */ = {isa = PBXFileReference; fileEncoding = 4; lastKnownFileType = sourcecode.c.objc; path = LoopData.m; sourceTree = "<group>"; };
		BA3C00811AE7140B00911004 /* Pulse2.app */ = {isa = PBXFileReference; explicitFileType = wrapper.application; includeInIndex = 0; path = Pulse2.app; sourceTree = BUILT_PRODUCTS_DIR; };
		BA3C00851AE7140B00911004 /* Info.plist */ = {isa = PBXFileReference; lastKnownFileType = text.plist.xml; path = Info.plist; sourceTree = "<group>"; };
		BA3C00861AE7140B00911004 /* main.m */ = {isa = PBXFileReference; lastKnownFileType = sourcecode.c.objc; path = main.m; sourceTree = "<group>"; };
		BA3C00881AE7140B00911004 /* AppDelegate.h */ = {isa = PBXFileReference; lastKnownFileType = sourcecode.c.h; path = AppDelegate.h; sourceTree = "<group>"; };
		BA3C00891AE7140B00911004 /* AppDelegate.m */ = {isa = PBXFileReference; lastKnownFileType = sourcecode.c.objc; path = AppDelegate.m; sourceTree = "<group>"; };
		BA3C008B1AE7140B00911004 /* ViewController.h */ = {isa = PBXFileReference; lastKnownFileType = sourcecode.c.h; path = ViewController.h; sourceTree = "<group>"; };
		BA3C008C1AE7140B00911004 /* ViewController.m */ = {isa = PBXFileReference; lastKnownFileType = sourcecode.c.objc; path = ViewController.m; sourceTree = "<group>"; };
		BA3C008F1AE7140B00911004 /* Base */ = {isa = PBXFileReference; lastKnownFileType = file.storyboard; name = Base; path = Base.lproj/Main.storyboard; sourceTree = "<group>"; };
		BA3C00911AE7140B00911004 /* Images.xcassets */ = {isa = PBXFileReference; lastKnownFileType = folder.assetcatalog; path = Images.xcassets; sourceTree = "<group>"; };
		BA3C00941AE7140B00911004 /* Base */ = {isa = PBXFileReference; lastKnownFileType = file.xib; name = Base; path = Base.lproj/LaunchScreen.xib; sourceTree = "<group>"; };
		BA3C009A1AE7140B00911004 /* Pulse2Tests.xctest */ = {isa = PBXFileReference; explicitFileType = wrapper.cfbundle; includeInIndex = 0; path = Pulse2Tests.xctest; sourceTree = BUILT_PRODUCTS_DIR; };
		BA4AA3A71B02BA1F007E3D7B /* SongTrainScene.h */ = {isa = PBXFileReference; fileEncoding = 4; lastKnownFileType = sourcecode.c.h; path = SongTrainScene.h; sourceTree = "<group>"; };
		BA4AA3A81B02BA1F007E3D7B /* SongTrainScene.m */ = {isa = PBXFileReference; fileEncoding = 4; lastKnownFileType = sourcecode.c.objc; path = SongTrainScene.m; sourceTree = "<group>"; };
		BA4AA3A91B02BA1F007E3D7B /* SongSwipeScene.h */ = {isa = PBXFileReference; fileEncoding = 4; lastKnownFileType = sourcecode.c.h; path = SongSwipeScene.h; sourceTree = "<group>"; };
		BA4AA3AA1B02BA1F007E3D7B /* SongSwipeScene.m */ = {isa = PBXFileReference; fileEncoding = 4; lastKnownFileType = sourcecode.c.objc; path = SongSwipeScene.m; sourceTree = "<group>"; };
		BA7DEC8A1B2571EC00C4A238 /* MinigameInteractor.h */ = {isa = PBXFileReference; fileEncoding = 4; lastKnownFileType = sourcecode.c.h; path = MinigameInteractor.h; sourceTree = "<group>"; };
		BA7DEC8B1B2571EC00C4A238 /* MinigameInteractor.m */ = {isa = PBXFileReference; fileEncoding = 4; lastKnownFileType = sourcecode.c.objc; path = MinigameInteractor.m; sourceTree = "<group>"; };
		BA7DEC8E1B2575ED00C4A238 /* UIColor+CrossFade.h */ = {isa = PBXFileReference; fileEncoding = 4; lastKnownFileType = sourcecode.c.h; path = "UIColor+CrossFade.h"; sourceTree = "<group>"; };
		BA7DEC8F1B2575ED00C4A238 /* UIColor+CrossFade.m */ = {isa = PBXFileReference; fileEncoding = 4; lastKnownFileType = sourcecode.c.objc; path = "UIColor+CrossFade.m"; sourceTree = "<group>"; };
		BAA47FE61B237B3C0072241E /* OrbGameScene.h */ = {isa = PBXFileReference; fileEncoding = 4; lastKnownFileType = sourcecode.c.h; path = OrbGameScene.h; sourceTree = "<group>"; };
		BAA47FE71B237B3C0072241E /* OrbGameScene.m */ = {isa = PBXFileReference; fileEncoding = 4; lastKnownFileType = sourcecode.c.objc; path = OrbGameScene.m; sourceTree = "<group>"; };
		BAA47FEB1B2506190072241E /* GraphicsController.h */ = {isa = PBXFileReference; fileEncoding = 4; lastKnownFileType = sourcecode.c.h; path = GraphicsController.h; sourceTree = "<group>"; };
		BAA47FEC1B2506190072241E /* GraphicsController.m */ = {isa = PBXFileReference; fileEncoding = 4; lastKnownFileType = sourcecode.c.objc; path = GraphicsController.m; sourceTree = "<group>"; };
		BAB96FAA1AF81613001906D0 /* MainMenuScene.h */ = {isa = PBXFileReference; fileEncoding = 4; lastKnownFileType = sourcecode.c.h; path = MainMenuScene.h; sourceTree = "<group>"; };
		BAB96FAB1AF81613001906D0 /* MainMenuScene.m */ = {isa = PBXFileReference; fileEncoding = 4; lastKnownFileType = sourcecode.c.objc; path = MainMenuScene.m; sourceTree = "<group>"; };
		BAB9D83C1B0A9392009D4F50 /* UIDoubleTapGestureRecognizer.h */ = {isa = PBXFileReference; fileEncoding = 4; lastKnownFileType = sourcecode.c.h; path = UIDoubleTapGestureRecognizer.h; sourceTree = "<group>"; };
		BAB9D83D1B0A9392009D4F50 /* UIDoubleTapGestureRecognizer.m */ = {isa = PBXFileReference; fileEncoding = 4; lastKnownFileType = sourcecode.c.objc; path = UIDoubleTapGestureRecognizer.m; sourceTree = "<group>"; };
		BABCBEE31B237ABD003FE0E5 /* SoundscapeScene.h */ = {isa = PBXFileReference; fileEncoding = 4; lastKnownFileType = sourcecode.c.h; path = SoundscapeScene.h; sourceTree = "<group>"; };
		BABCBEE41B237ABD003FE0E5 /* SoundscapeScene.m */ = {isa = PBXFileReference; fileEncoding = 4; lastKnownFileType = sourcecode.c.objc; path = SoundscapeScene.m; sourceTree = "<group>"; };
		BAF06F271AEED4A000FBB4C3 /* SpriteKit.framework */ = {isa = PBXFileReference; lastKnownFileType = wrapper.framework; name = SpriteKit.framework; path = System/Library/Frameworks/SpriteKit.framework; sourceTree = SDKROOT; };
		BAF06F351AEED6F400FBB4C3 /* SoundInteractor.h */ = {isa = PBXFileReference; fileEncoding = 4; lastKnownFileType = sourcecode.c.h; path = SoundInteractor.h; sourceTree = "<group>"; };
		BAF06F361AEED6F400FBB4C3 /* SoundInteractor.m */ = {isa = PBXFileReference; fileEncoding = 4; lastKnownFileType = sourcecode.c.objc; path = SoundInteractor.m; sourceTree = "<group>"; };
		BAF06F461AEEE16200FBB4C3 /* relaxation.plist */ = {isa = PBXFileReference; fileEncoding = 4; lastKnownFileType = text.plist.xml; path = relaxation.plist; sourceTree = "<group>"; };
		E63007EF1B26A93300178716 /* jam-basic-jazz.mp3 */ = {isa = PBXFileReference; lastKnownFileType = audio.mp3; path = "jam-basic-jazz.mp3"; sourceTree = "<group>"; };
		E63007F01B26A93300178716 /* jam-crescendo.mp3 */ = {isa = PBXFileReference; lastKnownFileType = audio.mp3; path = "jam-crescendo.mp3"; sourceTree = "<group>"; };
		E63007F11B26A93300178716 /* jam-drums.mp3 */ = {isa = PBXFileReference; lastKnownFileType = audio.mp3; path = "jam-drums.mp3"; sourceTree = "<group>"; };
		E63007F21B26A93300178716 /* jam-echo-string.mp3 */ = {isa = PBXFileReference; lastKnownFileType = audio.mp3; path = "jam-echo-string.mp3"; sourceTree = "<group>"; };
		E63007F31B26A93300178716 /* jam-frog.mp3 */ = {isa = PBXFileReference; lastKnownFileType = audio.mp3; path = "jam-frog.mp3"; sourceTree = "<group>"; };
		E63007F41B26A93300178716 /* jam-jazz-guitar.mp3 */ = {isa = PBXFileReference; lastKnownFileType = audio.mp3; path = "jam-jazz-guitar.mp3"; sourceTree = "<group>"; };
		E63007F51B26A93300178716 /* jam-legato-strings.mp3 */ = {isa = PBXFileReference; lastKnownFileType = audio.mp3; path = "jam-legato-strings.mp3"; sourceTree = "<group>"; };
		E63007F61B26A93300178716 /* jam-pizzicato.mp3 */ = {isa = PBXFileReference; lastKnownFileType = audio.mp3; path = "jam-pizzicato.mp3"; sourceTree = "<group>"; };
		E63007F71B26A93300178716 /* jam-ubluesy.mp3 */ = {isa = PBXFileReference; lastKnownFileType = audio.mp3; path = "jam-ubluesy.mp3"; sourceTree = "<group>"; };
		E63007F81B26A93300178716 /* jam-voxi.mp3 */ = {isa = PBXFileReference; lastKnownFileType = audio.mp3; path = "jam-voxi.mp3"; sourceTree = "<group>"; };
		E63008031B26A96900178716 /* jam.plist */ = {isa = PBXFileReference; fileEncoding = 4; lastKnownFileType = text.plist.xml; path = jam.plist; sourceTree = "<group>"; };
		E63008051B26B4F800178716 /* train_hop.caf */ = {isa = PBXFileReference; lastKnownFileType = file; path = train_hop.caf; sourceTree = "<group>"; };
		E63008081B27453500178716 /* stompy-pop-addict.mp3 */ = {isa = PBXFileReference; lastKnownFileType = audio.mp3; path = "stompy-pop-addict.mp3"; sourceTree = "<group>"; };
		E63008091B27453500178716 /* stompy-pop-african-plucks.mp3 */ = {isa = PBXFileReference; lastKnownFileType = audio.mp3; path = "stompy-pop-african-plucks.mp3"; sourceTree = "<group>"; };
		E630080A1B27453500178716 /* stompy-pop-attacker.mp3 */ = {isa = PBXFileReference; lastKnownFileType = audio.mp3; path = "stompy-pop-attacker.mp3"; sourceTree = "<group>"; };
		E630080B1B27453500178716 /* stompy-pop-call-in-air.mp3 */ = {isa = PBXFileReference; lastKnownFileType = audio.mp3; path = "stompy-pop-call-in-air.mp3"; sourceTree = "<group>"; };
		E630080C1B27453500178716 /* stompy-pop-claps.mp3 */ = {isa = PBXFileReference; lastKnownFileType = audio.mp3; path = "stompy-pop-claps.mp3"; sourceTree = "<group>"; };
		E630080D1B27453500178716 /* stompy-pop-gust-crack.mp3 */ = {isa = PBXFileReference; lastKnownFileType = audio.mp3; path = "stompy-pop-gust-crack.mp3"; sourceTree = "<group>"; };
		E630080E1B27453500178716 /* stompy-pop-kick.mp3 */ = {isa = PBXFileReference; lastKnownFileType = audio.mp3; path = "stompy-pop-kick.mp3"; sourceTree = "<group>"; };
		E630080F1B27453500178716 /* stompy-pop-piano-body.mp3 */ = {isa = PBXFileReference; lastKnownFileType = audio.mp3; path = "stompy-pop-piano-body.mp3"; sourceTree = "<group>"; };
		E63008101B27453500178716 /* stompy-pop-premium.mp3 */ = {isa = PBXFileReference; lastKnownFileType = audio.mp3; path = "stompy-pop-premium.mp3"; sourceTree = "<group>"; };
		E63008111B27453500178716 /* stompy-pop-shaker.mp3 */ = {isa = PBXFileReference; lastKnownFileType = audio.mp3; path = "stompy-pop-shaker.mp3"; sourceTree = "<group>"; };
		E63008121B27453500178716 /* stompy-pop-trumpet-mute.mp3 */ = {isa = PBXFileReference; lastKnownFileType = audio.mp3; path = "stompy-pop-trumpet-mute.mp3"; sourceTree = "<group>"; };
		E630081E1B27455A00178716 /* stompy-pop.plist */ = {isa = PBXFileReference; fileEncoding = 4; lastKnownFileType = text.plist.xml; path = "stompy-pop.plist"; sourceTree = "<group>"; };
		E63008211B2772F400178716 /* dark-air-jammer.mp3 */ = {isa = PBXFileReference; lastKnownFileType = audio.mp3; path = "dark-air-jammer.mp3"; sourceTree = "<group>"; };
		E63008221B2772F400178716 /* dark-cello.mp3 */ = {isa = PBXFileReference; lastKnownFileType = audio.mp3; path = "dark-cello.mp3"; sourceTree = "<group>"; };
		E63008231B2772F400178716 /* dark-dank-5ths.mp3 */ = {isa = PBXFileReference; lastKnownFileType = audio.mp3; path = "dark-dank-5ths.mp3"; sourceTree = "<group>"; };
		E63008241B2772F400178716 /* dark-drumfx.mp3 */ = {isa = PBXFileReference; lastKnownFileType = audio.mp3; path = "dark-drumfx.mp3"; sourceTree = "<group>"; };
		E63008251B2772F400178716 /* dark-drums.mp3 */ = {isa = PBXFileReference; lastKnownFileType = audio.mp3; path = "dark-drums.mp3"; sourceTree = "<group>"; };
		E63008261B2772F400178716 /* dark-german-wood.mp3 */ = {isa = PBXFileReference; lastKnownFileType = audio.mp3; path = "dark-german-wood.mp3"; sourceTree = "<group>"; };
		E63008271B2772F400178716 /* dark-legato.mp3 */ = {isa = PBXFileReference; lastKnownFileType = audio.mp3; path = "dark-legato.mp3"; sourceTree = "<group>"; };
		E63008281B2772F400178716 /* dark-pearl.mp3 */ = {isa = PBXFileReference; lastKnownFileType = audio.mp3; path = "dark-pearl.mp3"; sourceTree = "<group>"; };
		E63008291B2772F400178716 /* dark-peppermint.mp3 */ = {isa = PBXFileReference; lastKnownFileType = audio.mp3; path = "dark-peppermint.mp3"; sourceTree = "<group>"; };
		E630082A1B2772F400178716 /* dark-steel-drums.mp3 */ = {isa = PBXFileReference; lastKnownFileType = audio.mp3; path = "dark-steel-drums.mp3"; sourceTree = "<group>"; };
		E630082B1B2772F400178716 /* dark-sub.mp3 */ = {isa = PBXFileReference; lastKnownFileType = audio.mp3; path = "dark-sub.mp3"; sourceTree = "<group>"; };
		E63008371B27731200178716 /* dark.plist */ = {isa = PBXFileReference; fileEncoding = 4; lastKnownFileType = text.plist.xml; path = dark.plist; sourceTree = "<group>"; };
		E662A84C1B23AE8100AEFF7E /* SongTapScene.h */ = {isa = PBXFileReference; fileEncoding = 4; lastKnownFileType = sourcecode.c.h; path = SongTapScene.h; sourceTree = "<group>"; };
		E662A84D1B23AE8100AEFF7E /* SongTapScene.m */ = {isa = PBXFileReference; fileEncoding = 4; lastKnownFileType = sourcecode.c.objc; path = SongTapScene.m; sourceTree = "<group>"; };
		E7FB26D086C2121BEC49334E /* Pods.debug.xcconfig */ = {isa = PBXFileReference; includeInIndex = 1; lastKnownFileType = text.xcconfig; name = Pods.debug.xcconfig; path = "Pods/Target Support Files/Pods/Pods.debug.xcconfig"; sourceTree = "<group>"; };
/* End PBXFileReference section */

/* Begin PBXFrameworksBuildPhase section */
		BA3C007E1AE7140B00911004 /* Frameworks */ = {
			isa = PBXFrameworksBuildPhase;
			buildActionMask = 2147483647;
			files = (
				BAF06F281AEED4A000FBB4C3 /* SpriteKit.framework in Frameworks */,
				BAF58992314D5901ED41946D /* libPods.a in Frameworks */,
			);
			runOnlyForDeploymentPostprocessing = 0;
		};
		BA3C00971AE7140B00911004 /* Frameworks */ = {
			isa = PBXFrameworksBuildPhase;
			buildActionMask = 2147483647;
			files = (
			);
			runOnlyForDeploymentPostprocessing = 0;
		};
/* End PBXFrameworksBuildPhase section */

/* Begin PBXGroup section */
		A229CFC868AF273455499E30 /* Pods */ = {
			isa = PBXGroup;
			children = (
				E7FB26D086C2121BEC49334E /* Pods.debug.xcconfig */,
				1FF3F4C22441D40B497FF69C /* Pods.release.xcconfig */,
			);
			name = Pods;
			sourceTree = "<group>";
		};
		BA014C321AF05FF1001CAAE3 /* relaxation */ = {
			isa = PBXGroup;
			children = (
				BA014C1A1AF05FE9001CAAE3 /* relaxation-drums.mp3 */,
				BA014C1B1AF05FE9001CAAE3 /* relaxation-beach.mp3 */,
				BA014C1C1AF05FE9001CAAE3 /* relaxation-blue-sun.mp3 */,
				BA014C1D1AF05FE9001CAAE3 /* relaxation-bouncing-mark.mp3 */,
				BA014C1E1AF05FE9001CAAE3 /* relaxation-carrier.mp3 */,
				BA014C1F1AF05FE9001CAAE3 /* relaxation-cypress.mp3 */,
				BA014C201AF05FE9001CAAE3 /* relaxation-dance-organ.mp3 */,
				BA014C211AF05FE9001CAAE3 /* relaxation-distant-planet.mp3 */,
				BA014C221AF05FE9001CAAE3 /* relaxation-dominant.mp3 */,
				BA014C231AF05FE9001CAAE3 /* relaxation-dub-pulse.mp3 */,
				BA014C241AF05FE9001CAAE3 /* relaxation-eighties-ep.mp3 */,
				BA014C251AF05FE9001CAAE3 /* relaxation-empee-ep.mp3 */,
				BAF06F461AEEE16200FBB4C3 /* relaxation.plist */,
			);
			name = relaxation;
			sourceTree = "<group>";
		};
		BA3C00781AE7140B00911004 = {
			isa = PBXGroup;
			children = (
				BA3C00831AE7140B00911004 /* Pulse2 */,
				BA3C00821AE7140B00911004 /* Products */,
				A229CFC868AF273455499E30 /* Pods */,
				F0B311003B034DAA1E839EB0 /* Frameworks */,
			);
			sourceTree = "<group>";
		};
		BA3C00821AE7140B00911004 /* Products */ = {
			isa = PBXGroup;
			children = (
				BA3C00811AE7140B00911004 /* Pulse2.app */,
				BA3C009A1AE7140B00911004 /* Pulse2Tests.xctest */,
			);
			name = Products;
			sourceTree = "<group>";
		};
		BA3C00831AE7140B00911004 /* Pulse2 */ = {
			isa = PBXGroup;
			children = (
				BA7DEC8D1B2575B500C4A238 /* Handlers */,
				BA4AA3A41B02B9C3007E3D7B /* Application */,
				BAAF36791B1E46B800BA2AF1 /* Main Menu */,
				BA4AA3A31B02B9BC007E3D7B /* Soundscapes */,
				BA4AA3A21B02B9AD007E3D7B /* Mini Games */,
				BAB9D83B1B0A9361009D4F50 /* Utilities */,
				BAB96FAD1AF81B0A001906D0 /* Presets */,
				BAF06F381AEEE13000FBB4C3 /* Loop Data */,
				BA2BD3031AF965EC008A4169 /* Sounds */,
				BA3C00911AE7140B00911004 /* Images.xcassets */,
				BA3C00841AE7140B00911004 /* Supporting Files */,
			);
			path = Pulse2;
			sourceTree = "<group>";
		};
		BA3C00841AE7140B00911004 /* Supporting Files */ = {
			isa = PBXGroup;
			children = (
				BA4AA39D1B02B994007E3D7B /* assets */,
				BA3C00851AE7140B00911004 /* Info.plist */,
				BA3C00861AE7140B00911004 /* main.m */,
			);
			name = "Supporting Files";
			sourceTree = "<group>";
		};
		BA4AA39D1B02B994007E3D7B /* assets */ = {
			isa = PBXGroup;
			children = (
				E63008051B26B4F800178716 /* train_hop.caf */,
			);
			name = assets;
			sourceTree = "<group>";
		};
		BA4AA3A21B02B9AD007E3D7B /* Mini Games */ = {
			isa = PBXGroup;
			children = (
				BA7DEC8A1B2571EC00C4A238 /* MinigameInteractor.h */,
				BA7DEC8B1B2571EC00C4A238 /* MinigameInteractor.m */,
				E662A84C1B23AE8100AEFF7E /* SongTapScene.h */,
				E662A84D1B23AE8100AEFF7E /* SongTapScene.m */,
				BA4AA3A71B02BA1F007E3D7B /* SongTrainScene.h */,
				BA4AA3A81B02BA1F007E3D7B /* SongTrainScene.m */,
				BA4AA3A91B02BA1F007E3D7B /* SongSwipeScene.h */,
				BA4AA3AA1B02BA1F007E3D7B /* SongSwipeScene.m */,
				BAA47FE61B237B3C0072241E /* OrbGameScene.h */,
				BAA47FE71B237B3C0072241E /* OrbGameScene.m */,
			);
			name = "Mini Games";
			sourceTree = "<group>";
		};
		BA4AA3A31B02B9BC007E3D7B /* Soundscapes */ = {
			isa = PBXGroup;
			children = (
				BABCBEE31B237ABD003FE0E5 /* SoundscapeScene.h */,
				BABCBEE41B237ABD003FE0E5 /* SoundscapeScene.m */,
				BAF06F351AEED6F400FBB4C3 /* SoundInteractor.h */,
				BAF06F361AEED6F400FBB4C3 /* SoundInteractor.m */,
			);
			name = Soundscapes;
			sourceTree = "<group>";
		};
		BA4AA3A41B02B9C3007E3D7B /* Application */ = {
			isa = PBXGroup;
			children = (
				BA3C00881AE7140B00911004 /* AppDelegate.h */,
				BA3C00891AE7140B00911004 /* AppDelegate.m */,
				BA3C008B1AE7140B00911004 /* ViewController.h */,
				BA3C008C1AE7140B00911004 /* ViewController.m */,
				BA3C008E1AE7140B00911004 /* Main.storyboard */,
				BA3C00931AE7140B00911004 /* LaunchScreen.xib */,
			);
			name = Application;
			sourceTree = "<group>";
		};
		BA7DEC8D1B2575B500C4A238 /* Handlers */ = {
			isa = PBXGroup;
			children = (
				BAA47FEB1B2506190072241E /* GraphicsController.h */,
				BAA47FEC1B2506190072241E /* GraphicsController.m */,
				BA2BD3071AF98CA0008A4169 /* Conductor.h */,
				BA2BD3081AF98CA0008A4169 /* Conductor.m */,
				BA2BD30A1AF99D2D008A4169 /* LoopData.h */,
				BA2BD30B1AF99D2D008A4169 /* LoopData.m */,
			);
			name = Handlers;
			sourceTree = "<group>";
		};
		BAAF36791B1E46B800BA2AF1 /* Main Menu */ = {
			isa = PBXGroup;
			children = (
				BAB96FAA1AF81613001906D0 /* MainMenuScene.h */,
				BAB96FAB1AF81613001906D0 /* MainMenuScene.m */,
			);
			name = "Main Menu";
			sourceTree = "<group>";
		};
		BAB96FAD1AF81B0A001906D0 /* Presets */ = {
			isa = PBXGroup;
			children = (
				BA2BD3051AF9664A008A4169 /* piano.aupreset */,
			);
			name = Presets;
			sourceTree = "<group>";
		};
		BAB9D83B1B0A9361009D4F50 /* Utilities */ = {
			isa = PBXGroup;
			children = (
				BA7DEC8E1B2575ED00C4A238 /* UIColor+CrossFade.h */,
				BA7DEC8F1B2575ED00C4A238 /* UIColor+CrossFade.m */,
				BAB9D83C1B0A9392009D4F50 /* UIDoubleTapGestureRecognizer.h */,
				BAB9D83D1B0A9392009D4F50 /* UIDoubleTapGestureRecognizer.m */,
			);
			name = Utilities;
			sourceTree = "<group>";
		};
		BAF06F381AEEE13000FBB4C3 /* Loop Data */ = {
			isa = PBXGroup;
			children = (
				E63008201B2772E700178716 /* dark */,
				E63008071B27451500178716 /* stompy-pop */,
				E63007EE1B26A90500178716 /* jam */,
				BA014C321AF05FF1001CAAE3 /* relaxation */,
			);
			name = "Loop Data";
			sourceTree = "<group>";
		};
		E63007EE1B26A90500178716 /* jam */ = {
			isa = PBXGroup;
			children = (
				E63007EF1B26A93300178716 /* jam-basic-jazz.mp3 */,
				E63007F01B26A93300178716 /* jam-crescendo.mp3 */,
				E63007F11B26A93300178716 /* jam-drums.mp3 */,
				E63007F21B26A93300178716 /* jam-echo-string.mp3 */,
				E63007F31B26A93300178716 /* jam-frog.mp3 */,
				E63007F41B26A93300178716 /* jam-jazz-guitar.mp3 */,
				E63007F51B26A93300178716 /* jam-legato-strings.mp3 */,
				E63007F61B26A93300178716 /* jam-pizzicato.mp3 */,
				E63007F71B26A93300178716 /* jam-ubluesy.mp3 */,
				E63007F81B26A93300178716 /* jam-voxi.mp3 */,
				E63008031B26A96900178716 /* jam.plist */,
			);
			name = jam;
			sourceTree = "<group>";
		};
		E63008071B27451500178716 /* stompy-pop */ = {
			isa = PBXGroup;
			children = (
				E63008081B27453500178716 /* stompy-pop-addict.mp3 */,
				E63008091B27453500178716 /* stompy-pop-african-plucks.mp3 */,
				E630080A1B27453500178716 /* stompy-pop-attacker.mp3 */,
				E630080B1B27453500178716 /* stompy-pop-call-in-air.mp3 */,
				E630080C1B27453500178716 /* stompy-pop-claps.mp3 */,
				E630080D1B27453500178716 /* stompy-pop-gust-crack.mp3 */,
				E630080E1B27453500178716 /* stompy-pop-kick.mp3 */,
				E630080F1B27453500178716 /* stompy-pop-piano-body.mp3 */,
				E63008101B27453500178716 /* stompy-pop-premium.mp3 */,
				E63008111B27453500178716 /* stompy-pop-shaker.mp3 */,
				E63008121B27453500178716 /* stompy-pop-trumpet-mute.mp3 */,
				E630081E1B27455A00178716 /* stompy-pop.plist */,
			);
			name = "stompy-pop";
			sourceTree = "<group>";
		};
		E63008201B2772E700178716 /* dark */ = {
			isa = PBXGroup;
			children = (
				E63008211B2772F400178716 /* dark-air-jammer.mp3 */,
				E63008221B2772F400178716 /* dark-cello.mp3 */,
				E63008231B2772F400178716 /* dark-dank-5ths.mp3 */,
				E63008241B2772F400178716 /* dark-drumfx.mp3 */,
				E63008251B2772F400178716 /* dark-drums.mp3 */,
				E63008261B2772F400178716 /* dark-german-wood.mp3 */,
				E63008271B2772F400178716 /* dark-legato.mp3 */,
				E63008281B2772F400178716 /* dark-pearl.mp3 */,
				E63008291B2772F400178716 /* dark-peppermint.mp3 */,
				E630082A1B2772F400178716 /* dark-steel-drums.mp3 */,
				E630082B1B2772F400178716 /* dark-sub.mp3 */,
				E63008371B27731200178716 /* dark.plist */,
			);
			name = dark;
			sourceTree = "<group>";
		};
		F0B311003B034DAA1E839EB0 /* Frameworks */ = {
			isa = PBXGroup;
			children = (
				BAF06F271AEED4A000FBB4C3 /* SpriteKit.framework */,
				9BB9D2BD43485FF5B2111854 /* libPods.a */,
			);
			name = Frameworks;
			sourceTree = "<group>";
		};
/* End PBXGroup section */

/* Begin PBXNativeTarget section */
		BA3C00801AE7140B00911004 /* Pulse2 */ = {
			isa = PBXNativeTarget;
			buildConfigurationList = BA3C00A41AE7140B00911004 /* Build configuration list for PBXNativeTarget "Pulse2" */;
			buildPhases = (
				BBFC49954134DB783F18E857 /* Check Pods Manifest.lock */,
				BA3C007D1AE7140B00911004 /* Sources */,
				BA3C007E1AE7140B00911004 /* Frameworks */,
				BA3C007F1AE7140B00911004 /* Resources */,
				FA81DFEE46F36D57B29B57DA /* Copy Pods Resources */,
			);
			buildRules = (
			);
			dependencies = (
			);
			name = Pulse2;
			productName = Pulse2;
			productReference = BA3C00811AE7140B00911004 /* Pulse2.app */;
			productType = "com.apple.product-type.application";
		};
		BA3C00991AE7140B00911004 /* Pulse2Tests */ = {
			isa = PBXNativeTarget;
			buildConfigurationList = BA3C00A71AE7140B00911004 /* Build configuration list for PBXNativeTarget "Pulse2Tests" */;
			buildPhases = (
				BA3C00961AE7140B00911004 /* Sources */,
				BA3C00971AE7140B00911004 /* Frameworks */,
				BA3C00981AE7140B00911004 /* Resources */,
			);
			buildRules = (
			);
			dependencies = (
				BA3C009C1AE7140B00911004 /* PBXTargetDependency */,
			);
			name = Pulse2Tests;
			productName = Pulse2Tests;
			productReference = BA3C009A1AE7140B00911004 /* Pulse2Tests.xctest */;
			productType = "com.apple.product-type.bundle.unit-test";
		};
/* End PBXNativeTarget section */

/* Begin PBXProject section */
		BA3C00791AE7140B00911004 /* Project object */ = {
			isa = PBXProject;
			attributes = {
				LastUpgradeCheck = 0630;
				ORGANIZATIONNAME = "Henry Thiemann";
				TargetAttributes = {
					BA3C00801AE7140B00911004 = {
						CreatedOnToolsVersion = 6.3.1;
						DevelopmentTeam = 65AAS3WP88;
					};
					BA3C00991AE7140B00911004 = {
						CreatedOnToolsVersion = 6.3.1;
						TestTargetID = BA3C00801AE7140B00911004;
					};
				};
			};
			buildConfigurationList = BA3C007C1AE7140B00911004 /* Build configuration list for PBXProject "Pulse2" */;
			compatibilityVersion = "Xcode 3.2";
			developmentRegion = English;
			hasScannedForEncodings = 0;
			knownRegions = (
				en,
				Base,
			);
			mainGroup = BA3C00781AE7140B00911004;
			productRefGroup = BA3C00821AE7140B00911004 /* Products */;
			projectDirPath = "";
			projectRoot = "";
			targets = (
				BA3C00801AE7140B00911004 /* Pulse2 */,
				BA3C00991AE7140B00911004 /* Pulse2Tests */,
			);
		};
/* End PBXProject section */

/* Begin PBXResourcesBuildPhase section */
		BA3C007F1AE7140B00911004 /* Resources */ = {
			isa = PBXResourcesBuildPhase;
			buildActionMask = 2147483647;
			files = (
				E63008191B27453500178716 /* stompy-pop-kick.mp3 in Resources */,
				E63008061B26B52400178716 /* train_hop.caf in Resources */,
				E63008021B26A93300178716 /* jam-voxi.mp3 in Resources */,
				E63007FD1B26A93300178716 /* jam-frog.mp3 in Resources */,
				E630081F1B27455A00178716 /* stompy-pop.plist in Resources */,
				E63008141B27453500178716 /* stompy-pop-african-plucks.mp3 in Resources */,
				E63008181B27453500178716 /* stompy-pop-gust-crack.mp3 in Resources */,
				E63007FF1B26A93300178716 /* jam-legato-strings.mp3 in Resources */,
				E63007FB1B26A93300178716 /* jam-drums.mp3 in Resources */,
				BA3C00901AE7140B00911004 /* Main.storyboard in Resources */,
				BA014C281AF05FE9001CAAE3 /* relaxation-blue-sun.mp3 in Resources */,
				BA014C2A1AF05FE9001CAAE3 /* relaxation-carrier.mp3 in Resources */,
				BA014C2F1AF05FE9001CAAE3 /* relaxation-dub-pulse.mp3 in Resources */,
				BA3C00951AE7140B00911004 /* LaunchScreen.xib in Resources */,
				BA014C2B1AF05FE9001CAAE3 /* relaxation-cypress.mp3 in Resources */,
				E63008331B2772F400178716 /* dark-pearl.mp3 in Resources */,
				E630081D1B27453500178716 /* stompy-pop-trumpet-mute.mp3 in Resources */,
				BA3C00921AE7140B00911004 /* Images.xcassets in Resources */,
				E63007FC1B26A93300178716 /* jam-echo-string.mp3 in Resources */,
				E630082C1B2772F400178716 /* dark-air-jammer.mp3 in Resources */,
				E63007FA1B26A93300178716 /* jam-crescendo.mp3 in Resources */,
				BA014C311AF05FE9001CAAE3 /* relaxation-empee-ep.mp3 in Resources */,
				E630081B1B27453500178716 /* stompy-pop-premium.mp3 in Resources */,
				E63008301B2772F400178716 /* dark-drums.mp3 in Resources */,
				E63007FE1B26A93300178716 /* jam-jazz-guitar.mp3 in Resources */,
				BA2BD3061AF9664A008A4169 /* piano.aupreset in Resources */,
				E630082E1B2772F400178716 /* dark-dank-5ths.mp3 in Resources */,
				E63008161B27453500178716 /* stompy-pop-call-in-air.mp3 in Resources */,
				E630082F1B2772F400178716 /* dark-drumfx.mp3 in Resources */,
				E630081C1B27453500178716 /* stompy-pop-shaker.mp3 in Resources */,
				E63008321B2772F400178716 /* dark-legato.mp3 in Resources */,
				E630082D1B2772F400178716 /* dark-cello.mp3 in Resources */,
				E63008001B26A93300178716 /* jam-pizzicato.mp3 in Resources */,
				BA2BD3041AF965EC008A4169 /* Sounds in Resources */,
				BA014C261AF05FE9001CAAE3 /* relaxation-drums.mp3 in Resources */,
				E63008311B2772F400178716 /* dark-german-wood.mp3 in Resources */,
				E63008151B27453500178716 /* stompy-pop-attacker.mp3 in Resources */,
				E63008041B26A96900178716 /* jam.plist in Resources */,
				BA014C301AF05FE9001CAAE3 /* relaxation-eighties-ep.mp3 in Resources */,
				BA014C2C1AF05FE9001CAAE3 /* relaxation-dance-organ.mp3 in Resources */,
				E63007F91B26A93300178716 /* jam-basic-jazz.mp3 in Resources */,
				BA014C2D1AF05FE9001CAAE3 /* relaxation-distant-planet.mp3 in Resources */,
				E63008381B27731200178716 /* dark.plist in Resources */,
				E63008351B2772F400178716 /* dark-steel-drums.mp3 in Resources */,
				E630081A1B27453500178716 /* stompy-pop-piano-body.mp3 in Resources */,
				BAF06F541AEEE16200FBB4C3 /* relaxation.plist in Resources */,
				BA014C291AF05FE9001CAAE3 /* relaxation-bouncing-mark.mp3 in Resources */,
				E63008131B27453500178716 /* stompy-pop-addict.mp3 in Resources */,
				BA014C271AF05FE9001CAAE3 /* relaxation-beach.mp3 in Resources */,
				E63008011B26A93300178716 /* jam-ubluesy.mp3 in Resources */,
				E63008361B2772F400178716 /* dark-sub.mp3 in Resources */,
				E63008341B2772F400178716 /* dark-peppermint.mp3 in Resources */,
				BA014C2E1AF05FE9001CAAE3 /* relaxation-dominant.mp3 in Resources */,
				E63008171B27453500178716 /* stompy-pop-claps.mp3 in Resources */,
			);
			runOnlyForDeploymentPostprocessing = 0;
		};
		BA3C00981AE7140B00911004 /* Resources */ = {
			isa = PBXResourcesBuildPhase;
			buildActionMask = 2147483647;
			files = (
			);
			runOnlyForDeploymentPostprocessing = 0;
		};
/* End PBXResourcesBuildPhase section */

/* Begin PBXShellScriptBuildPhase section */
		BBFC49954134DB783F18E857 /* Check Pods Manifest.lock */ = {
			isa = PBXShellScriptBuildPhase;
			buildActionMask = 2147483647;
			files = (
			);
			inputPaths = (
			);
			name = "Check Pods Manifest.lock";
			outputPaths = (
			);
			runOnlyForDeploymentPostprocessing = 0;
			shellPath = /bin/sh;
			shellScript = "diff \"${PODS_ROOT}/../Podfile.lock\" \"${PODS_ROOT}/Manifest.lock\" > /dev/null\nif [[ $? != 0 ]] ; then\n    cat << EOM\nerror: The sandbox is not in sync with the Podfile.lock. Run 'pod install' or update your CocoaPods installation.\nEOM\n    exit 1\nfi\n";
			showEnvVarsInLog = 0;
		};
		FA81DFEE46F36D57B29B57DA /* Copy Pods Resources */ = {
			isa = PBXShellScriptBuildPhase;
			buildActionMask = 2147483647;
			files = (
			);
			inputPaths = (
			);
			name = "Copy Pods Resources";
			outputPaths = (
			);
			runOnlyForDeploymentPostprocessing = 0;
			shellPath = /bin/sh;
			shellScript = "\"${SRCROOT}/Pods/Target Support Files/Pods/Pods-resources.sh\"\n";
			showEnvVarsInLog = 0;
		};
/* End PBXShellScriptBuildPhase section */

/* Begin PBXSourcesBuildPhase section */
		BA3C007D1AE7140B00911004 /* Sources */ = {
			isa = PBXSourcesBuildPhase;
			buildActionMask = 2147483647;
			files = (
				BA7DEC901B2575ED00C4A238 /* UIColor+CrossFade.m in Sources */,
				BAF06F371AEED6F400FBB4C3 /* SoundInteractor.m in Sources */,
				BA2BD30C1AF99D2D008A4169 /* LoopData.m in Sources */,
				BA3C008D1AE7140B00911004 /* ViewController.m in Sources */,
				BA3C008A1AE7140B00911004 /* AppDelegate.m in Sources */,
				BAA47FED1B2506190072241E /* GraphicsController.m in Sources */,
				BA7DEC8C1B2571EC00C4A238 /* MinigameInteractor.m in Sources */,
				BABCBEE51B237ABD003FE0E5 /* SoundscapeScene.m in Sources */,
				BAB9D83E1B0A9392009D4F50 /* UIDoubleTapGestureRecognizer.m in Sources */,
				BA4AA3AC1B02BA1F007E3D7B /* SongTrainScene.m in Sources */,
				BAA47FE81B237B3C0072241E /* OrbGameScene.m in Sources */,
				BAB96FAC1AF81613001906D0 /* MainMenuScene.m in Sources */,
				BA3C00871AE7140B00911004 /* main.m in Sources */,
				E662A84E1B23AE8100AEFF7E /* SongTapScene.m in Sources */,
				BA2BD3091AF98CA0008A4169 /* Conductor.m in Sources */,
				BA4AA3AD1B02BA1F007E3D7B /* SongSwipeScene.m in Sources */,
			);
			runOnlyForDeploymentPostprocessing = 0;
		};
		BA3C00961AE7140B00911004 /* Sources */ = {
			isa = PBXSourcesBuildPhase;
			buildActionMask = 2147483647;
			files = (
			);
			runOnlyForDeploymentPostprocessing = 0;
		};
/* End PBXSourcesBuildPhase section */

/* Begin PBXTargetDependency section */
		BA3C009C1AE7140B00911004 /* PBXTargetDependency */ = {
			isa = PBXTargetDependency;
			target = BA3C00801AE7140B00911004 /* Pulse2 */;
			targetProxy = BA3C009B1AE7140B00911004 /* PBXContainerItemProxy */;
		};
/* End PBXTargetDependency section */

/* Begin PBXVariantGroup section */
		BA3C008E1AE7140B00911004 /* Main.storyboard */ = {
			isa = PBXVariantGroup;
			children = (
				BA3C008F1AE7140B00911004 /* Base */,
			);
			name = Main.storyboard;
			sourceTree = "<group>";
		};
		BA3C00931AE7140B00911004 /* LaunchScreen.xib */ = {
			isa = PBXVariantGroup;
			children = (
				BA3C00941AE7140B00911004 /* Base */,
			);
			name = LaunchScreen.xib;
			sourceTree = "<group>";
		};
/* End PBXVariantGroup section */

/* Begin XCBuildConfiguration section */
		BA3C00A21AE7140B00911004 /* Debug */ = {
			isa = XCBuildConfiguration;
			buildSettings = {
				ALWAYS_SEARCH_USER_PATHS = NO;
				CLANG_CXX_LANGUAGE_STANDARD = "gnu++0x";
				CLANG_CXX_LIBRARY = "libc++";
				CLANG_ENABLE_MODULES = YES;
				CLANG_ENABLE_OBJC_ARC = YES;
				CLANG_WARN_BOOL_CONVERSION = YES;
				CLANG_WARN_CONSTANT_CONVERSION = YES;
				CLANG_WARN_DIRECT_OBJC_ISA_USAGE = YES_ERROR;
				CLANG_WARN_EMPTY_BODY = YES;
				CLANG_WARN_ENUM_CONVERSION = YES;
				CLANG_WARN_INT_CONVERSION = YES;
				CLANG_WARN_OBJC_ROOT_CLASS = YES_ERROR;
				CLANG_WARN_UNREACHABLE_CODE = YES;
				CLANG_WARN__DUPLICATE_METHOD_MATCH = YES;
				"CODE_SIGN_IDENTITY[sdk=iphoneos*]" = "iPhone Developer";
				COPY_PHASE_STRIP = NO;
				DEBUG_INFORMATION_FORMAT = "dwarf-with-dsym";
				ENABLE_STRICT_OBJC_MSGSEND = YES;
				GCC_C_LANGUAGE_STANDARD = gnu99;
				GCC_DYNAMIC_NO_PIC = NO;
				GCC_NO_COMMON_BLOCKS = YES;
				GCC_OPTIMIZATION_LEVEL = 0;
				GCC_PREPROCESSOR_DEFINITIONS = (
					"DEBUG=1",
					"$(inherited)",
				);
				GCC_SYMBOLS_PRIVATE_EXTERN = NO;
				GCC_WARN_64_TO_32_BIT_CONVERSION = YES;
				GCC_WARN_ABOUT_RETURN_TYPE = YES_ERROR;
				GCC_WARN_UNDECLARED_SELECTOR = YES;
				GCC_WARN_UNINITIALIZED_AUTOS = YES_AGGRESSIVE;
				GCC_WARN_UNUSED_FUNCTION = YES;
				GCC_WARN_UNUSED_VARIABLE = YES;
				IPHONEOS_DEPLOYMENT_TARGET = 8.3;
				MTL_ENABLE_DEBUG_INFO = YES;
				ONLY_ACTIVE_ARCH = YES;
				SDKROOT = iphoneos;
				TARGETED_DEVICE_FAMILY = "1,2";
			};
			name = Debug;
		};
		BA3C00A31AE7140B00911004 /* Release */ = {
			isa = XCBuildConfiguration;
			buildSettings = {
				ALWAYS_SEARCH_USER_PATHS = NO;
				CLANG_CXX_LANGUAGE_STANDARD = "gnu++0x";
				CLANG_CXX_LIBRARY = "libc++";
				CLANG_ENABLE_MODULES = YES;
				CLANG_ENABLE_OBJC_ARC = YES;
				CLANG_WARN_BOOL_CONVERSION = YES;
				CLANG_WARN_CONSTANT_CONVERSION = YES;
				CLANG_WARN_DIRECT_OBJC_ISA_USAGE = YES_ERROR;
				CLANG_WARN_EMPTY_BODY = YES;
				CLANG_WARN_ENUM_CONVERSION = YES;
				CLANG_WARN_INT_CONVERSION = YES;
				CLANG_WARN_OBJC_ROOT_CLASS = YES_ERROR;
				CLANG_WARN_UNREACHABLE_CODE = YES;
				CLANG_WARN__DUPLICATE_METHOD_MATCH = YES;
				"CODE_SIGN_IDENTITY[sdk=iphoneos*]" = "iPhone Developer";
				COPY_PHASE_STRIP = NO;
				DEBUG_INFORMATION_FORMAT = "dwarf-with-dsym";
				ENABLE_NS_ASSERTIONS = NO;
				ENABLE_STRICT_OBJC_MSGSEND = YES;
				GCC_C_LANGUAGE_STANDARD = gnu99;
				GCC_NO_COMMON_BLOCKS = YES;
				GCC_WARN_64_TO_32_BIT_CONVERSION = YES;
				GCC_WARN_ABOUT_RETURN_TYPE = YES_ERROR;
				GCC_WARN_UNDECLARED_SELECTOR = YES;
				GCC_WARN_UNINITIALIZED_AUTOS = YES_AGGRESSIVE;
				GCC_WARN_UNUSED_FUNCTION = YES;
				GCC_WARN_UNUSED_VARIABLE = YES;
				IPHONEOS_DEPLOYMENT_TARGET = 8.3;
				MTL_ENABLE_DEBUG_INFO = NO;
				SDKROOT = iphoneos;
				TARGETED_DEVICE_FAMILY = "1,2";
				VALIDATE_PRODUCT = YES;
			};
			name = Release;
		};
		BA3C00A51AE7140B00911004 /* Debug */ = {
			isa = XCBuildConfiguration;
			baseConfigurationReference = E7FB26D086C2121BEC49334E /* Pods.debug.xcconfig */;
			buildSettings = {
				ASSETCATALOG_COMPILER_APPICON_NAME = AppIcon;
				CODE_SIGN_IDENTITY = "iPhone Developer";
				"CODE_SIGN_IDENTITY[sdk=iphoneos*]" = "iPhone Developer";
				INFOPLIST_FILE = Pulse2/Info.plist;
				LD_RUNPATH_SEARCH_PATHS = "$(inherited) @executable_path/Frameworks";
				PRODUCT_NAME = "$(TARGET_NAME)";
				PROVISIONING_PROFILE = "";
				TARGETED_DEVICE_FAMILY = 1;
			};
			name = Debug;
		};
		BA3C00A61AE7140B00911004 /* Release */ = {
			isa = XCBuildConfiguration;
			baseConfigurationReference = 1FF3F4C22441D40B497FF69C /* Pods.release.xcconfig */;
			buildSettings = {
				ASSETCATALOG_COMPILER_APPICON_NAME = AppIcon;
				CODE_SIGN_IDENTITY = "iPhone Developer";
				"CODE_SIGN_IDENTITY[sdk=iphoneos*]" = "iPhone Developer";
				INFOPLIST_FILE = Pulse2/Info.plist;
				LD_RUNPATH_SEARCH_PATHS = "$(inherited) @executable_path/Frameworks";
				PRODUCT_NAME = "$(TARGET_NAME)";
				PROVISIONING_PROFILE = "";
				TARGETED_DEVICE_FAMILY = 1;
			};
			name = Release;
		};
		BA3C00A81AE7140B00911004 /* Debug */ = {
			isa = XCBuildConfiguration;
			buildSettings = {
				BUNDLE_LOADER = "$(TEST_HOST)";
				FRAMEWORK_SEARCH_PATHS = (
					"$(SDKROOT)/Developer/Library/Frameworks",
					"$(inherited)",
				);
				GCC_PREPROCESSOR_DEFINITIONS = (
					"DEBUG=1",
					"$(inherited)",
				);
				INFOPLIST_FILE = Pulse2Tests/Info.plist;
				LD_RUNPATH_SEARCH_PATHS = "$(inherited) @executable_path/Frameworks @loader_path/Frameworks";
				PRODUCT_NAME = "$(TARGET_NAME)";
				TEST_HOST = "$(BUILT_PRODUCTS_DIR)/Pulse2.app/Pulse2";
			};
			name = Debug;
		};
		BA3C00A91AE7140B00911004 /* Release */ = {
			isa = XCBuildConfiguration;
			buildSettings = {
				BUNDLE_LOADER = "$(TEST_HOST)";
				FRAMEWORK_SEARCH_PATHS = (
					"$(SDKROOT)/Developer/Library/Frameworks",
					"$(inherited)",
				);
				INFOPLIST_FILE = Pulse2Tests/Info.plist;
				LD_RUNPATH_SEARCH_PATHS = "$(inherited) @executable_path/Frameworks @loader_path/Frameworks";
				PRODUCT_NAME = "$(TARGET_NAME)";
				TEST_HOST = "$(BUILT_PRODUCTS_DIR)/Pulse2.app/Pulse2";
			};
			name = Release;
		};
/* End XCBuildConfiguration section */

/* Begin XCConfigurationList section */
		BA3C007C1AE7140B00911004 /* Build configuration list for PBXProject "Pulse2" */ = {
			isa = XCConfigurationList;
			buildConfigurations = (
				BA3C00A21AE7140B00911004 /* Debug */,
				BA3C00A31AE7140B00911004 /* Release */,
			);
			defaultConfigurationIsVisible = 0;
			defaultConfigurationName = Release;
		};
		BA3C00A41AE7140B00911004 /* Build configuration list for PBXNativeTarget "Pulse2" */ = {
			isa = XCConfigurationList;
			buildConfigurations = (
				BA3C00A51AE7140B00911004 /* Debug */,
				BA3C00A61AE7140B00911004 /* Release */,
			);
			defaultConfigurationIsVisible = 0;
			defaultConfigurationName = Release;
		};
		BA3C00A71AE7140B00911004 /* Build configuration list for PBXNativeTarget "Pulse2Tests" */ = {
			isa = XCConfigurationList;
			buildConfigurations = (
				BA3C00A81AE7140B00911004 /* Debug */,
				BA3C00A91AE7140B00911004 /* Release */,
			);
			defaultConfigurationIsVisible = 0;
			defaultConfigurationName = Release;
		};
/* End XCConfigurationList section */
	};
	rootObject = BA3C00791AE7140B00911004 /* Project object */;
}
